// !$*UTF8*$!
{
	archiveVersion = 1;
	classes = {
	};
	objectVersion = 56;
	objects = {

/* Begin PBXBuildFile section */
		AA000001 /* AutiLearnCollegeApp.swift in Sources */ = {isa = PBXBuildFile; fileRef = BB000001 /* AutiLearnCollegeApp.swift */; };
		AA000002 /* CollegeModels.swift in Sources */ = {isa = PBXBuildFile; fileRef = BB000002 /* CollegeModels.swift */; };
		AA000003 /* CollegeContentLibrary.swift in Sources */ = {isa = PBXBuildFile; fileRef = BB000003 /* CollegeContentLibrary.swift */; };
		AA000004 /* CollegeSessionVM.swift in Sources */ = {isa = PBXBuildFile; fileRef = BB000004 /* CollegeSessionVM.swift */; };
		AA000005 /* CollegeSessionView.swift in Sources */ = {isa = PBXBuildFile; fileRef = BB000005 /* CollegeSessionView.swift */; };
		AA000006 /* CollegeHomeView.swift in Sources */ = {isa = PBXBuildFile; fileRef = BB000006 /* CollegeHomeView.swift */; };
		AA000007 /* CollegeParentDashboard.swift in Sources */ = {isa = PBXBuildFile; fileRef = BB000007 /* CollegeParentDashboard.swift */; };
		AA000008 /* CollegeSplashView.swift in Sources */ = {isa = PBXBuildFile; fileRef = BB000008 /* CollegeSplashView.swift */; };
		AA000009 /* CollegeOnboardingView.swift in Sources */ = {isa = PBXBuildFile; fileRef = BB000009 /* CollegeOnboardingView.swift */; };
		AA000010 /* CollegeRootView.swift in Sources */ = {isa = PBXBuildFile; fileRef = BB000010 /* CollegeRootView.swift */; };
		AA000011 /* Assets.xcassets in Resources */ = {isa = PBXBuildFile; fileRef = BB000011 /* Assets.xcassets */; };
		AA000012 /* CollegeSubscriptionService.swift in Sources */ = {isa = PBXBuildFile; fileRef = BB000013 /* CollegeSubscriptionService.swift */; };
		AA000014 /* CollegeHistoryLibrary.swift in Sources */ = {isa = PBXBuildFile; fileRef = BB000014 /* CollegeHistoryLibrary.swift */; };
		AA000015 /* CollegeNativeLangLibrary.swift in Sources */ = {isa = PBXBuildFile; fileRef = BB000015 /* CollegeNativeLangLibrary.swift */; };
		AA000016 /* CollegeNotificationService.swift in Sources */ = {isa = PBXBuildFile; fileRef = BB000016 /* CollegeNotificationService.swift */; };
		AA000017 /* CollegePDFReport.swift in Sources */ = {isa = PBXBuildFile; fileRef = BB000017 /* CollegePDFReport.swift */; };
		AA000018 /* CollegeReviewAndBonus.swift in Sources */ = {isa = PBXBuildFile; fileRef = BB000018 /* CollegeReviewAndBonus.swift */; };
		AA000019 /* LeoCompanion.swift in Sources */ = {isa = PBXBuildFile; fileRef = BB000019 /* LeoCompanion.swift */; };
		AA000020 /* CollegeLessonSlideView.swift in Sources */ = {isa = PBXBuildFile; fileRef = BB000020 /* CollegeLessonSlideView.swift */; };
		AA000021 /* CollegeFreePracticeView.swift in Sources */ = {isa = PBXBuildFile; fileRef = BB000021 /* CollegeFreePracticeView.swift */; };
		AA000022 /* CollegeCultureLibrary.swift in Sources */ = {isa = PBXBuildFile; fileRef = BB000022 /* CollegeCultureLibrary.swift */; };
/* End PBXBuildFile section */

/* Begin PBXFileReference section */
		BB000001 /* AutiLearnCollegeApp.swift */ = {isa = PBXFileReference; lastKnownFileType = sourcecode.swift; path = AutiLearnCollegeApp.swift; sourceTree = "<group>"; };
		BB000002 /* CollegeModels.swift */ = {isa = PBXFileReference; lastKnownFileType = sourcecode.swift; path = CollegeModels.swift; sourceTree = "<group>"; };
		BB000003 /* CollegeContentLibrary.swift */ = {isa = PBXFileReference; lastKnownFileType = sourcecode.swift; path = CollegeContentLibrary.swift; sourceTree = "<group>"; };
		BB000004 /* CollegeSessionVM.swift */ = {isa = PBXFileReference; lastKnownFileType = sourcecode.swift; path = CollegeSessionVM.swift; sourceTree = "<group>"; };
		BB000005 /* CollegeSessionView.swift */ = {isa = PBXFileReference; lastKnownFileType = sourcecode.swift; path = CollegeSessionView.swift; sourceTree = "<group>"; };
		BB000006 /* CollegeHomeView.swift */ = {isa = PBXFileReference; lastKnownFileType = sourcecode.swift; path = CollegeHomeView.swift; sourceTree = "<group>"; };
		BB000007 /* CollegeParentDashboard.swift */ = {isa = PBXFileReference; lastKnownFileType = sourcecode.swift; path = CollegeParentDashboard.swift; sourceTree = "<group>"; };
		BB000008 /* CollegeSplashView.swift */ = {isa = PBXFileReference; lastKnownFileType = sourcecode.swift; path = CollegeSplashView.swift; sourceTree = "<group>"; };
		BB000009 /* CollegeOnboardingView.swift */ = {isa = PBXFileReference; lastKnownFileType = sourcecode.swift; path = CollegeOnboardingView.swift; sourceTree = "<group>"; };
		BB000010 /* CollegeRootView.swift */ = {isa = PBXFileReference; lastKnownFileType = sourcecode.swift; path = CollegeRootView.swift; sourceTree = "<group>"; };
		BB000011 /* Assets.xcassets */ = {isa = PBXFileReference; lastKnownFileType = folder.assetcatalog; path = Assets.xcassets; sourceTree = "<group>"; };
		BB000012 /* Info.plist */ = {isa = PBXFileReference; lastKnownFileType = text.plist.xml; path = Info.plist; sourceTree = "<group>"; };
		BB000013 /* CollegeSubscriptionService.swift */ = {isa = PBXFileReference; lastKnownFileType = sourcecode.swift; path = CollegeSubscriptionService.swift; sourceTree = "<group>"; };
		BB000014 /* CollegeHistoryLibrary.swift */ = {isa = PBXFileReference; lastKnownFileType = sourcecode.swift; path = CollegeHistoryLibrary.swift; sourceTree = "<group>"; };
		BB000015 /* CollegeNativeLangLibrary.swift */ = {isa = PBXFileReference; lastKnownFileType = sourcecode.swift; path = CollegeNativeLangLibrary.swift; sourceTree = "<group>"; };
		BB000016 /* CollegeNotificationService.swift */ = {isa = PBXFileReference; lastKnownFileType = sourcecode.swift; path = CollegeNotificationService.swift; sourceTree = "<group>"; };
		BB000017 /* CollegePDFReport.swift */ = {isa = PBXFileReference; lastKnownFileType = sourcecode.swift; path = CollegePDFReport.swift; sourceTree = "<group>"; };
		BB000018 /* CollegeReviewAndBonus.swift */ = {isa = PBXFileReference; lastKnownFileType = sourcecode.swift; path = CollegeReviewAndBonus.swift; sourceTree = "<group>"; };
		BB000019 /* LeoCompanion.swift */ = {isa = PBXFileReference; lastKnownFileType = sourcecode.swift; path = LeoCompanion.swift; sourceTree = "<group>"; };
		BB000020 /* CollegeLessonSlideView.swift */ = {isa = PBXFileReference; lastKnownFileType = sourcecode.swift; path = CollegeLessonSlideView.swift; sourceTree = "<group>"; };
		BB000021 /* CollegeFreePracticeView.swift */ = {isa = PBXFileReference; lastKnownFileType = sourcecode.swift; path = CollegeFreePracticeView.swift; sourceTree = "<group>"; };
		BB000022 /* CollegeCultureLibrary.swift */ = {isa = PBXFileReference; lastKnownFileType = sourcecode.swift; path = CollegeCultureLibrary.swift; sourceTree = "<group>"; };
		CC000001 /* AutiLearnCollege.app */ = {isa = PBXFileReference; explicitFileType = wrapper.application; includeInIndex = 0; path = AutiLearnCollege.app; sourceTree = BUILT_PRODUCTS_DIR; };
/* End PBXFileReference section */

/* Begin PBXGroup section */
		DD000001 = {
			isa = PBXGroup;
			children = (
				EE000001 /* AutiLearnCollege */,
				FF000001 /* Products */,
			);
			sourceTree = "<group>";
		};
		EE000001 /* AutiLearnCollege */ = {
			isa = PBXGroup;
			children = (
				BB000001 /* AutiLearnCollegeApp.swift */,
				BB000002 /* CollegeModels.swift */,
				BB000003 /* CollegeContentLibrary.swift */,
				BB000004 /* CollegeSessionVM.swift */,
				BB000005 /* CollegeSessionView.swift */,
				BB000006 /* CollegeHomeView.swift */,
				BB000007 /* CollegeParentDashboard.swift */,
				BB000008 /* CollegeSplashView.swift */,
				BB000009 /* CollegeOnboardingView.swift */,
				BB000010 /* CollegeRootView.swift */,
				BB000011 /* Assets.xcassets */,
				BB000012 /* Info.plist */,
				BB000013 /* CollegeSubscriptionService.swift */,
				BB000014 /* CollegeHistoryLibrary.swift */,
				BB000015 /* CollegeNativeLangLibrary.swift */,
				BB000016 /* CollegeNotificationService.swift */,
				BB000017 /* CollegePDFReport.swift */,
				BB000018 /* CollegeReviewAndBonus.swift */,
				BB000019 /* LeoCompanion.swift */,
				BB000020 /* CollegeLessonSlideView.swift */,
				BB000021 /* CollegeFreePracticeView.swift */,
				BB000022 /* CollegeCultureLibrary.swift */,
			);
			path = AutiLearnCollege;
			sourceTree = "<group>";
		};
		FF000001 /* Products */ = {
			isa = PBXGroup;
			children = (
				CC000001 /* AutiLearnCollege.app */,
			);
			name = Products;
			sourceTree = "<group>";
		};
/* End PBXGroup section */

/* Begin PBXNativeTarget section */
		GG000001 /* AutiLearnCollege */ = {
			isa = PBXNativeTarget;
			buildConfigurationList = HH000001 /* Build configuration list for PBXNativeTarget "AutiLearnCollege" */;
			buildPhases = (
				II000001 /* Sources */,
				JJ000001 /* Resources */,
			);
			buildRules = (
			);
			dependencies = (
			);
			name = AutiLearnCollege;
			productName = AutiLearnCollege;
			productReference = CC000001 /* AutiLearnCollege.app */;
			productType = "com.apple.product-type.application";
		};
/* End PBXNativeTarget section */

/* Begin PBXProject section */
		KK000001 /* Project object */ = {
			isa = PBXProject;
			attributes = {
				BuildIndependentTargetsInParallel = 1;
				LastSwiftUpdateCheck = 1500;
				LastUpgradeCheck = 1500;
				TargetAttributes = {
					GG000001 = {
						CreatedOnToolsVersion = 15.0;
					};
				};
			};
			buildConfigurationList = LL000001 /* Build configuration list for PBXProject "AutiLearnCollege" */;
			compatibilityVersion = "Xcode 14.0";
			developmentRegion = fr;
			hasScannedForEncodings = 0;
			knownRegions = (
				en,
				fr,
			);
			mainGroup = DD000001;
			productRefGroup = FF000001 /* Products */;
			projectDirPath = "";
			projectRoot = "";
			targets = (
				GG000001 /* AutiLearnCollege */,
			);
		};
/* End PBXProject section */

/* Begin PBXResourcesBuildPhase section */
		JJ000001 /* Resources */ = {
			isa = PBXResourcesBuildPhase;
			buildActionMask = 2147483647;
			files = (
				AA000011 /* Assets.xcassets in Resources */,
			);
			runOnlyForDeploymentPostprocessing = 0;
		};
/* End PBXResourcesBuildPhase section */

/* Begin PBXSourcesBuildPhase section */
		II000001 /* Sources */ = {
			isa = PBXSourcesBuildPhase;
			buildActionMask = 2147483647;
			files = (
				AA000001 /* AutiLearnCollegeApp.swift in Sources */,
				AA000002 /* CollegeModels.swift in Sources */,
				AA000003 /* CollegeContentLibrary.swift in Sources */,
				AA000004 /* CollegeSessionVM.swift in Sources */,
				AA000005 /* CollegeSessionView.swift in Sources */,
				AA000006 /* CollegeHomeView.swift in Sources */,
				AA000007 /* CollegeParentDashboard.swift in Sources */,
				AA000008 /* CollegeSplashView.swift in Sources */,
				AA000009 /* CollegeOnboardingView.swift in Sources */,
				AA000010 /* CollegeRootView.swift in Sources */,
				AA000012 /* CollegeSubscriptionService.swift in Sources */,
				AA000014 /* CollegeHistoryLibrary.swift in Sources */,
				AA000015 /* CollegeNativeLangLibrary.swift in Sources */,
				AA000016 /* CollegeNotificationService.swift in Sources */,
				AA000017 /* CollegePDFReport.swift in Sources */,
				AA000018 /* CollegeReviewAndBonus.swift in Sources */,
				AA000019 /* LeoCompanion.swift in Sources */,
				AA000020 /* CollegeLessonSlideView.swift in Sources */,
				AA000021 /* CollegeFreePracticeView.swift in Sources */,
				AA000022 /* CollegeCultureLibrary.swift in Sources */,
			);
			runOnlyForDeploymentPostprocessing = 0;
		};
/* End PBXSourcesBuildPhase section */

/* Begin XCBuildConfiguration section */
		MM000001 /* Debug */ = {
			isa = XCBuildConfiguration;
			buildSettings = {
				ALWAYS_SEARCH_USER_PATHS = NO;
				ASSETCATALOG_COMPILER_GENERATE_SWIFT_ASSET_SYMBOL_EXTENSIONS = YES;
				CLANG_ANALYZER_NONNULL = YES;
				CLANG_ANALYZER_NUMBER_OBJECT_CONVERSION = YES_AGGRESSIVE;
				CLANG_CXX_LANGUAGE_STANDARD = "gnu++20";
				CLANG_ENABLE_MODULES = YES;
				CLANG_ENABLE_OBJC_ARC = YES;
				CLANG_ENABLE_OBJC_WEAK = YES;
				CLANG_WARN_BLOCK_CAPTURE_AUTORELEASING = YES;
				CLANG_WARN_BOOL_CONVERSION = YES;
				CLANG_WARN_COMMA = YES;
				CLANG_WARN_CONSTANT_CONVERSION = YES;
				CLANG_WARN_DEPRECATED_OBJC_IMPLEMENTATIONS = YES;
				CLANG_WARN_DIRECT_OBJC_ISA_USAGE = YES_ERROR;
				CLANG_WARN_DOCUMENTATION_COMMENTS = YES;
				CLANG_WARN_EMPTY_BODY = YES;
				CLANG_WARN_ENUM_CONVERSION = YES;
				CLANG_WARN_INFINITE_RECURSION = YES;
				CLANG_WARN_INT_CONVERSION = YES;
				CLANG_WARN_NON_LITERAL_NULL_CONVERSION = YES;
				CLANG_WARN_OBJC_IMPLICIT_RETAIN_SELF = YES;
				CLANG_WARN_OBJC_LITERAL_CONVERSION = YES;
				CLANG_WARN_OBJC_ROOT_CLASS = YES_ERROR;
				CLANG_WARN_QUOTED_INCLUDE_IN_FRAMEWORK_HEADER = YES;
				CLANG_WARN_RANGE_LOOP_ANALYSIS = YES;
				CLANG_WARN_STRICT_PROTOTYPES = YES;
				CLANG_WARN_SUSPICIOUS_MOVE = YES;
				CLANG_WARN_UNGUARDED_AVAILABILITY = YES_AGGRESSIVE;
				CLANG_WARN_UNREACHABLE_CODE = YES;
				CLANG_WARN__DUPLICATE_METHOD_MATCH = YES;
				COPY_PHASE_STRIP = NO;
				DEBUG_INFORMATION_FORMAT = dwarf;
				ENABLE_STRICT_OBJC_MSGSEND = YES;
				ENABLE_TESTABILITY = YES;
				ENABLE_USER_SCRIPT_SANDBOXING = YES;
				GCC_C_LANGUAGE_STANDARD = gnu17;
				GCC_DYNAMIC_NO_PIC = NO;
				GCC_NO_COMMON_BLOCKS = YES;
				GCC_OPTIMIZATION_LEVEL = 0;
				GCC_PREPROCESSOR_DEFINITIONS = (
					"DEBUG=1",
					"$(inherited)",
				);
				GCC_WARN_64_TO_32_BIT_CONVERSION = YES;
				GCC_WARN_ABOUT_RETURN_TYPE = YES_ERROR;
				GCC_WARN_UNDECLARED_SELECTOR = YES;
				GCC_WARN_UNINITIALIZED_AUTOS = YES_AGGRESSIVE;
				GCC_WARN_UNUSED_FUNCTION = YES;
				GCC_WARN_UNUSED_VARIABLE = YES;
				IPHONEOS_DEPLOYMENT_TARGET = 17.0;
				MTL_ENABLE_DEBUG_INFO = INCLUDE_SOURCE;
				MTL_FAST_MATH = YES;
				ONLY_ACTIVE_ARCH = YES;
				SDKROOT = iphoneos;
				SWIFT_ACTIVE_COMPILATION_CONDITIONS = "DEBUG $(inherited)";
				SWIFT_OPTIMIZATION_LEVEL = "-Onone";
			};
			name = Debug;
		};
		MM000002 /* Release */ = {
			isa = XCBuildConfiguration;
			buildSettings = {
				ALWAYS_SEARCH_USER_PATHS = NO;
				ASSETCATALOG_COMPILER_GENERATE_SWIFT_ASSET_SYMBOL_EXTENSIONS = YES;
				CLANG_ANALYZER_NONNULL = YES;
				CLANG_ANALYZER_NUMBER_OBJECT_CONVERSION = YES_AGGRESSIVE;
				CLANG_CXX_LANGUAGE_STANDARD = "gnu++20";
				CLANG_ENABLE_MODULES = YES;
				CLANG_ENABLE_OBJC_ARC = YES;
				CLANG_ENABLE_OBJC_WEAK = YES;
				CLANG_WARN_BLOCK_CAPTURE_AUTORELEASING = YES;
				CLANG_WARN_BOOL_CONVERSION = YES;
				CLANG_WARN_COMMA = YES;
				CLANG_WARN_CONSTANT_CONVERSION = YES;
				CLANG_WARN_DEPRECATED_OBJC_IMPLEMENTATIONS = YES;
				CLANG_WARN_DIRECT_OBJC_ISA_USAGE = YES_ERROR;
				CLANG_WARN_DOCUMENTATION_COMMENTS = YES;
				CLANG_WARN_EMPTY_BODY = YES;
				CLANG_WARN_ENUM_CONVERSION = YES;
				CLANG_WARN_INFINITE_RECURSION = YES;
				CLANG_WARN_INT_CONVERSION = YES;
				CLANG_WARN_NON_LITERAL_NULL_CONVERSION = YES;
				CLANG_WARN_OBJC_IMPLICIT_RETAIN_SELF = YES;
				CLANG_WARN_OBJC_LITERAL_CONVERSION = YES;
				CLANG_WARN_OBJC_ROOT_CLASS = YES_ERROR;
				CLANG_WARN_QUOTED_INCLUDE_IN_FRAMEWORK_HEADER = YES;
				CLANG_WARN_RANGE_LOOP_ANALYSIS = YES;
				CLANG_WARN_STRICT_PROTOTYPES = YES;
				CLANG_WARN_SUSPICIOUS_MOVE = YES;
				CLANG_WARN_UNGUARDED_AVAILABILITY = YES_AGGRESSIVE;
				CLANG_WARN_UNREACHABLE_CODE = YES;
				CLANG_WARN__DUPLICATE_METHOD_MATCH = YES;
				COPY_PHASE_STRIP = NO;
				DEBUG_INFORMATION_FORMAT = "dwarf-with-dsym";
				ENABLE_NS_ASSERTIONS = NO;
				ENABLE_STRICT_OBJC_MSGSEND = YES;
				ENABLE_USER_SCRIPT_SANDBOXING = YES;
				GCC_C_LANGUAGE_STANDARD = gnu17;
				GCC_NO_COMMON_BLOCKS = YES;
				GCC_WARN_64_TO_32_BIT_CONVERSION = YES;
				GCC_WARN_ABOUT_RETURN_TYPE = YES_ERROR;
				GCC_WARN_UNDECLARED_SELECTOR = YES;
				GCC_WARN_UNINITIALIZED_AUTOS = YES_AGGRESSIVE;
				GCC_WARN_UNUSED_FUNCTION = YES;
				GCC_WARN_UNUSED_VARIABLE = YES;
				IPHONEOS_DEPLOYMENT_TARGET = 17.0;
				MTL_FAST_MATH = YES;
				SDKROOT = iphoneos;
				SWIFT_COMPILATION_MODE = wholemodule;
				SWIFT_OPTIMIZATION_LEVEL = "-O";
				VALIDATE_PRODUCT = YES;
			};
			name = Release;
		};
		NN000001 /* Debug */ = {
			isa = XCBuildConfiguration;
			buildSettings = {
				ASSETCATALOG_COMPILER_APPICON_NAME = AppIcon;
				ASSETCATALOG_COMPILER_GLOBAL_ACCENT_COLOR_NAME = AccentColor;
				CODE_SIGN_STYLE = Automatic;
				CURRENT_PROJECT_VERSION = 1;
				DEVELOPMENT_LANGUAGE = fr;
				INFOPLIST_FILE = AutiLearnCollege/Info.plist;
				IPHONEOS_DEPLOYMENT_TARGET = 17.0;
				LD_RUNPATH_SEARCH_PATHS = (
					"$(inherited)",
					"@executable_path/Frameworks",
				);
				MARKETING_VERSION = 1.0;
				PRODUCT_BUNDLE_IDENTIFIER = com.abalearning.college;
				PRODUCT_NAME = "$(TARGET_NAME)";
				SWIFT_EMIT_LOC_STRINGS = YES;
				SWIFT_VERSION = 5.0;
				TARGETED_DEVICE_FAMILY = "1,2";
			};
			name = Debug;
		};
		NN000002 /* Release */ = {
			isa = XCBuildConfiguration;
			buildSettings = {
				ASSETCATALOG_COMPILER_APPICON_NAME = AppIcon;
				ASSETCATALOG_COMPILER_GLOBAL_ACCENT_COLOR_NAME = AccentColor;
				CODE_SIGN_STYLE = Automatic;
				CURRENT_PROJECT_VERSION = 1;
				DEVELOPMENT_LANGUAGE = fr;
				INFOPLIST_FILE = AutiLearnCollege/Info.plist;
				IPHONEOS_DEPLOYMENT_TARGET = 17.0;
				LD_RUNPATH_SEARCH_PATHS = (
					"$(inherited)",
					"@executable_path/Frameworks",
				);
				MARKETING_VERSION = 1.0;
				PRODUCT_BUNDLE_IDENTIFIER = com.abalearning.college;
				PRODUCT_NAME = "$(TARGET_NAME)";
				SWIFT_EMIT_LOC_STRINGS = YES;
				SWIFT_VERSION = 5.0;
				TARGETED_DEVICE_FAMILY = "1,2";
			};
			name = Release;
		};
/* End XCBuildConfiguration section */

/* Begin XCConfigurationList section */
		HH000001 /* Build configuration list for PBXNativeTarget "AutiLearnCollege" */ = {
			isa = XCConfigurationList;
			buildConfigurations = (
				NN000001 /* Debug */,
				NN000002 /* Release */,
			);
			defaultConfigurationIsVisible = 0;
			defaultConfigurationName = Release;
		};
		LL000001 /* Build configuration list for PBXProject "AutiLearnCollege" */ = {
			isa = XCConfigurationList;
			buildConfigurations = (
				MM000001 /* Debug */,
				MM000002 /* Release */,
			);
			defaultConfigurationIsVisible = 0;
			defaultConfigurationName = Release;
		};
/* End XCConfigurationList section */

	};
	rootObject = KK000001 /* Project object */;
}
